
Microsoft Visual Studio Solution File, Format Version 12.00
# Visual Studio Version 17
VisualStudioVersion = 17.11.35208.52
MinimumVisualStudioVersion = 10.0.40219.1
Project("{FAE04EC0-301F-11D3-BF4B-00C04F79EFBC}") = "NUnitQAMars", "NUnitQAMars.csproj", "{3EB688F9-913F-46D2-B065-EBFB57A4CE8A}"
EndProject
Global
	GlobalSection(SolutionConfigurationPlatforms) = preSolution
		Debug|Any CPU = Debug|Any CPU
		Release|Any CPU = Release|Any CPU
	EndGlobalSection
	GlobalSection(ProjectConfigurationPlatforms) = postSolution
		{3EB688F9-913F-46D2-B065-EBFB57A4CE8A}.Debug|Any CPU.ActiveCfg = Debug|Any CPU
		{3EB688F9-913F-46D2-B065-EBFB57A4CE8A}.Debug|Any CPU.Build.0 = Debug|Any CPU
		{3EB688F9-913F-46D2-B065-EBFB57A4CE8A}.Release|Any CPU.ActiveCfg = Release|Any CPU
		{3EB688F9-913F-46D2-B065-EBFB57A4CE8A}.Release|Any CPU.Build.0 = Release|Any CPU
	EndGlobalSection
	GlobalSection(SolutionProperties) = preSolution
		HideSolutionNode = FALSE
	EndGlobalSection
	GlobalSection(ExtensibilityGlobals) = postSolution
		SolutionGuid = {626A8722-55FF-4CB3-93D7-FD4A6EFF324A}
	EndGlobalSection
EndGlobal
